
Microsoft Visual Studio Solution File, Format Version 12.00
# Visual Studio Version 16
VisualStudioVersion = 16.0.30011.22
MinimumVisualStudioVersion = 10.0.40219.1
Project("{FAE04EC0-301F-11D3-BF4B-00C04F79EFBC}") = "JosephusProblem", "JosephusProblem.csproj", "{2748B256-98F5-45A4-B2DA-A17DFB77E8A4}"
EndProject
Global
	GlobalSection(SolutionConfigurationPlatforms) = preSolution
		Debug|Any CPU = Debug|Any CPU
		Release|Any CPU = Release|Any CPU
	EndGlobalSection
	GlobalSection(ProjectConfigurationPlatforms) = postSolution
		{2748B256-98F5-45A4-B2DA-A17DFB77E8A4}.Debug|Any CPU.ActiveCfg = Debug|Any CPU
		{2748B256-98F5-45A4-B2DA-A17DFB77E8A4}.Debug|Any CPU.Build.0 = Debug|Any CPU
		{2748B256-98F5-45A4-B2DA-A17DFB77E8A4}.Release|Any CPU.ActiveCfg = Release|Any CPU
		{2748B256-98F5-45A4-B2DA-A17DFB77E8A4}.Release|Any CPU.Build.0 = Release|Any CPU
	EndGlobalSection
	GlobalSection(SolutionProperties) = preSolution
		HideSolutionNode = FALSE
	EndGlobalSection
	GlobalSection(ExtensibilityGlobals) = postSolution
		SolutionGuid = {73D40B37-EDED-4306-838B-6259B038CE9E}
	EndGlobalSection
EndGlobal
